// !$*UTF8*$!
{
	archiveVersion = 1;
	classes = {
	};
	objectVersion = 56;
	objects = {

/* Begin PBXBuildFile section */
		CE8F5B782B4902B100987162 /* ChatView.swift in Sources */ = {isa = PBXBuildFile; fileRef = CE8F5B772B4902B100987162 /* ChatView.swift */; };
		CE8F5B7A2B4902CD00987162 /* ChatViewModel.swift in Sources */ = {isa = PBXBuildFile; fileRef = CE8F5B792B4902CD00987162 /* ChatViewModel.swift */; };
		CE8F5B7C2B491B0F00987162 /* SignInView.swift in Sources */ = {isa = PBXBuildFile; fileRef = CE8F5B7B2B491B0F00987162 /* SignInView.swift */; };
		CE8F5B7F2B491E9000987162 /* FirebaseAnalytics in Frameworks */ = {isa = PBXBuildFile; productRef = CE8F5B7E2B491E9000987162 /* FirebaseAnalytics */; };
		CE8F5B812B491E9000987162 /* FirebaseAnalyticsOnDeviceConversion in Frameworks */ = {isa = PBXBuildFile; productRef = CE8F5B802B491E9000987162 /* FirebaseAnalyticsOnDeviceConversion */; };
		CE8F5B832B491E9000987162 /* FirebaseAnalyticsSwift in Frameworks */ = {isa = PBXBuildFile; productRef = CE8F5B822B491E9000987162 /* FirebaseAnalyticsSwift */; };
		CE8F5B852B491E9000987162 /* FirebaseAnalyticsWithoutAdIdSupport in Frameworks */ = {isa = PBXBuildFile; productRef = CE8F5B842B491E9000987162 /* FirebaseAnalyticsWithoutAdIdSupport */; };
		CE8F5B872B491E9000987162 /* FirebaseAppCheck in Frameworks */ = {isa = PBXBuildFile; productRef = CE8F5B862B491E9000987162 /* FirebaseAppCheck */; };
		CE8F5B892B491E9000987162 /* FirebaseAppDistribution-Beta in Frameworks */ = {isa = PBXBuildFile; productRef = CE8F5B882B491E9000987162 /* FirebaseAppDistribution-Beta */; };
		CE8F5B8B2B491E9000987162 /* FirebaseAuth in Frameworks */ = {isa = PBXBuildFile; productRef = CE8F5B8A2B491E9000987162 /* FirebaseAuth */; };
		CE8F5B8D2B491E9000987162 /* FirebaseAuthCombine-Community in Frameworks */ = {isa = PBXBuildFile; productRef = CE8F5B8C2B491E9000987162 /* FirebaseAuthCombine-Community */; };
		CE8F5B8F2B491E9000987162 /* FirebaseCrashlytics in Frameworks */ = {isa = PBXBuildFile; productRef = CE8F5B8E2B491E9000987162 /* FirebaseCrashlytics */; };
		CE8F5B912B491E9000987162 /* FirebaseDatabase in Frameworks */ = {isa = PBXBuildFile; productRef = CE8F5B902B491E9000987162 /* FirebaseDatabase */; };
		CE8F5B932B491E9000987162 /* FirebaseDatabaseSwift in Frameworks */ = {isa = PBXBuildFile; productRef = CE8F5B922B491E9000987162 /* FirebaseDatabaseSwift */; };
		CE8F5B952B491E9000987162 /* FirebaseFirestoreCombine-Community in Frameworks */ = {isa = PBXBuildFile; productRef = CE8F5B942B491E9000987162 /* FirebaseFirestoreCombine-Community */; };
		CE8F5B972B491E9000987162 /* FirebaseFirestoreSwift in Frameworks */ = {isa = PBXBuildFile; productRef = CE8F5B962B491E9000987162 /* FirebaseFirestoreSwift */; };
		CE8F5B992B491E9000987162 /* FirebaseFunctions in Frameworks */ = {isa = PBXBuildFile; productRef = CE8F5B982B491E9000987162 /* FirebaseFunctions */; };
		CE8F5B9B2B491E9000987162 /* FirebaseFunctionsCombine-Community in Frameworks */ = {isa = PBXBuildFile; productRef = CE8F5B9A2B491E9000987162 /* FirebaseFunctionsCombine-Community */; };
		CE8F5B9D2B491E9000987162 /* FirebaseInAppMessaging-Beta in Frameworks */ = {isa = PBXBuildFile; productRef = CE8F5B9C2B491E9000987162 /* FirebaseInAppMessaging-Beta */; };
		CE8F5B9F2B491E9000987162 /* FirebaseInAppMessagingSwift-Beta in Frameworks */ = {isa = PBXBuildFile; productRef = CE8F5B9E2B491E9000987162 /* FirebaseInAppMessagingSwift-Beta */; };
		CE8F5BA12B491E9000987162 /* FirebaseInstallations in Frameworks */ = {isa = PBXBuildFile; productRef = CE8F5BA02B491E9000987162 /* FirebaseInstallations */; };
		CE8F5BA32B491E9000987162 /* FirebaseMLModelDownloader in Frameworks */ = {isa = PBXBuildFile; productRef = CE8F5BA22B491E9000987162 /* FirebaseMLModelDownloader */; };
		CE8F5BA52B491E9000987162 /* FirebaseMessaging in Frameworks */ = {isa = PBXBuildFile; productRef = CE8F5BA42B491E9000987162 /* FirebaseMessaging */; };
		CE8F5BA72B491E9000987162 /* FirebasePerformance in Frameworks */ = {isa = PBXBuildFile; productRef = CE8F5BA62B491E9000987162 /* FirebasePerformance */; };
		CE8F5BA92B491E9000987162 /* FirebaseRemoteConfig in Frameworks */ = {isa = PBXBuildFile; productRef = CE8F5BA82B491E9000987162 /* FirebaseRemoteConfig */; };
		CE8F5BAB2B491E9000987162 /* FirebaseRemoteConfigSwift in Frameworks */ = {isa = PBXBuildFile; productRef = CE8F5BAA2B491E9000987162 /* FirebaseRemoteConfigSwift */; };
		CE8F5BAD2B491E9000987162 /* FirebaseStorage in Frameworks */ = {isa = PBXBuildFile; productRef = CE8F5BAC2B491E9000987162 /* FirebaseStorage */; };
		CE8F5BAF2B491E9000987162 /* FirebaseStorageCombine-Community in Frameworks */ = {isa = PBXBuildFile; productRef = CE8F5BAE2B491E9000987162 /* FirebaseStorageCombine-Community */; };
		CE8F5BB52B49200A00987162 /* FirebaseAnalytics in Frameworks */ = {isa = PBXBuildFile; productRef = CE8F5BB42B49200A00987162 /* FirebaseAnalytics */; };
		CE8F5BB72B49200A00987162 /* FirebaseAnalyticsOnDeviceConversion in Frameworks */ = {isa = PBXBuildFile; productRef = CE8F5BB62B49200A00987162 /* FirebaseAnalyticsOnDeviceConversion */; };
		CE8F5BB92B49200A00987162 /* FirebaseAnalyticsSwift in Frameworks */ = {isa = PBXBuildFile; productRef = CE8F5BB82B49200A00987162 /* FirebaseAnalyticsSwift */; };
		CE8F5BBB2B49200A00987162 /* FirebaseAnalyticsWithoutAdIdSupport in Frameworks */ = {isa = PBXBuildFile; productRef = CE8F5BBA2B49200A00987162 /* FirebaseAnalyticsWithoutAdIdSupport */; };
		CE8F5BBD2B49200A00987162 /* FirebaseAppCheck in Frameworks */ = {isa = PBXBuildFile; productRef = CE8F5BBC2B49200A00987162 /* FirebaseAppCheck */; };
		CE8F5BBF2B49200A00987162 /* FirebaseAppDistribution-Beta in Frameworks */ = {isa = PBXBuildFile; productRef = CE8F5BBE2B49200A00987162 /* FirebaseAppDistribution-Beta */; };
		CE8F5BC12B49200A00987162 /* FirebaseAuth in Frameworks */ = {isa = PBXBuildFile; productRef = CE8F5BC02B49200A00987162 /* FirebaseAuth */; };
		CE8F5BC32B49200A00987162 /* FirebaseAuthCombine-Community in Frameworks */ = {isa = PBXBuildFile; productRef = CE8F5BC22B49200A00987162 /* FirebaseAuthCombine-Community */; };
		CE8F5BC52B49200A00987162 /* FirebaseCrashlytics in Frameworks */ = {isa = PBXBuildFile; productRef = CE8F5BC42B49200A00987162 /* FirebaseCrashlytics */; };
		CE8F5BC72B49200A00987162 /* FirebaseDatabase in Frameworks */ = {isa = PBXBuildFile; productRef = CE8F5BC62B49200A00987162 /* FirebaseDatabase */; };
		CE8F5BC92B49200A00987162 /* FirebaseDatabaseSwift in Frameworks */ = {isa = PBXBuildFile; productRef = CE8F5BC82B49200A00987162 /* FirebaseDatabaseSwift */; };
		CE8F5BCB2B49200A00987162 /* FirebaseDynamicLinks in Frameworks */ = {isa = PBXBuildFile; productRef = CE8F5BCA2B49200A00987162 /* FirebaseDynamicLinks */; };
		CE8F5BCD2B49200A00987162 /* FirebaseFirestore in Frameworks */ = {isa = PBXBuildFile; productRef = CE8F5BCC2B49200A00987162 /* FirebaseFirestore */; };
		CE8F5BCF2B49200A00987162 /* FirebaseFirestoreCombine-Community in Frameworks */ = {isa = PBXBuildFile; productRef = CE8F5BCE2B49200A00987162 /* FirebaseFirestoreCombine-Community */; };
		CE8F5BD12B49200A00987162 /* FirebaseFirestoreSwift in Frameworks */ = {isa = PBXBuildFile; productRef = CE8F5BD02B49200A00987162 /* FirebaseFirestoreSwift */; };
		CE8F5BD32B49200A00987162 /* FirebaseFunctions in Frameworks */ = {isa = PBXBuildFile; productRef = CE8F5BD22B49200A00987162 /* FirebaseFunctions */; };
		CE8F5BD52B49200A00987162 /* FirebaseFunctionsCombine-Community in Frameworks */ = {isa = PBXBuildFile; productRef = CE8F5BD42B49200A00987162 /* FirebaseFunctionsCombine-Community */; };
		CE8F5BD72B49200A00987162 /* FirebaseInAppMessaging-Beta in Frameworks */ = {isa = PBXBuildFile; productRef = CE8F5BD62B49200A00987162 /* FirebaseInAppMessaging-Beta */; };
		CE8F5BD92B49200A00987162 /* FirebaseInAppMessagingSwift-Beta in Frameworks */ = {isa = PBXBuildFile; productRef = CE8F5BD82B49200A00987162 /* FirebaseInAppMessagingSwift-Beta */; };
		CE8F5BDB2B49200A00987162 /* FirebaseInstallations in Frameworks */ = {isa = PBXBuildFile; productRef = CE8F5BDA2B49200A00987162 /* FirebaseInstallations */; };
		CE8F5BDD2B49200A00987162 /* FirebaseMLModelDownloader in Frameworks */ = {isa = PBXBuildFile; productRef = CE8F5BDC2B49200A00987162 /* FirebaseMLModelDownloader */; };
		CE8F5BE92B49257A00987162 /* GoogleService-Info.plist in Resources */ = {isa = PBXBuildFile; fileRef = CE8F5BE82B49257A00987162 /* GoogleService-Info.plist */; };
		CE8F5BEB2B49269E00987162 /* RegisterView.swift in Sources */ = {isa = PBXBuildFile; fileRef = CE8F5BEA2B49269E00987162 /* RegisterView.swift */; };
		CE8F5BED2B49272F00987162 /* LoginView.swift in Sources */ = {isa = PBXBuildFile; fileRef = CE8F5BEC2B49272F00987162 /* LoginView.swift */; };
		CE8F5BEF2B4966E300987162 /* DatabaseManager.swift in Sources */ = {isa = PBXBuildFile; fileRef = CE8F5BEE2B4966E300987162 /* DatabaseManager.swift */; };
		CECDC3922B4843E900ABD1A6 /* MyChatRoom_SwiftUIApp.swift in Sources */ = {isa = PBXBuildFile; fileRef = CECDC3912B4843E900ABD1A6 /* MyChatRoom_SwiftUIApp.swift */; };
		CECDC3942B4843E900ABD1A6 /* ContentView.swift in Sources */ = {isa = PBXBuildFile; fileRef = CECDC3932B4843E900ABD1A6 /* ContentView.swift */; };
		CECDC3962B4843EC00ABD1A6 /* Assets.xcassets in Resources */ = {isa = PBXBuildFile; fileRef = CECDC3952B4843EC00ABD1A6 /* Assets.xcassets */; };
		CECDC3992B4843EC00ABD1A6 /* Preview Assets.xcassets in Resources */ = {isa = PBXBuildFile; fileRef = CECDC3982B4843EC00ABD1A6 /* Preview Assets.xcassets */; };
		CECDC3A02B48453D00ABD1A6 /* Message.swift in Sources */ = {isa = PBXBuildFile; fileRef = CECDC39F2B48453D00ABD1A6 /* Message.swift */; };
		CECDC3A22B48493300ABD1A6 /* MessageView.swift in Sources */ = {isa = PBXBuildFile; fileRef = CECDC3A12B48493300ABD1A6 /* MessageView.swift */; };
/* End PBXBuildFile section */

/* Begin PBXFileReference section */
		CE8F5B772B4902B100987162 /* ChatView.swift */ = {isa = PBXFileReference; lastKnownFileType = sourcecode.swift; path = ChatView.swift; sourceTree = "<group>"; };
		CE8F5B792B4902CD00987162 /* ChatViewModel.swift */ = {isa = PBXFileReference; lastKnownFileType = sourcecode.swift; path = ChatViewModel.swift; sourceTree = "<group>"; };
		CE8F5B7B2B491B0F00987162 /* SignInView.swift */ = {isa = PBXFileReference; lastKnownFileType = sourcecode.swift; path = SignInView.swift; sourceTree = "<group>"; };
		CE8F5BE32B4920B200987162 /* Info.plist */ = {isa = PBXFileReference; lastKnownFileType = text.plist; path = Info.plist; sourceTree = "<group>"; };
		CE8F5BE82B49257A00987162 /* GoogleService-Info.plist */ = {isa = PBXFileReference; fileEncoding = 4; lastKnownFileType = text.plist.xml; path = "GoogleService-Info.plist"; sourceTree = "<group>"; };
		CE8F5BEA2B49269E00987162 /* RegisterView.swift */ = {isa = PBXFileReference; lastKnownFileType = sourcecode.swift; path = RegisterView.swift; sourceTree = "<group>"; };
		CE8F5BEC2B49272F00987162 /* LoginView.swift */ = {isa = PBXFileReference; lastKnownFileType = sourcecode.swift; path = LoginView.swift; sourceTree = "<group>"; };
		CE8F5BEE2B4966E300987162 /* DatabaseManager.swift */ = {isa = PBXFileReference; lastKnownFileType = sourcecode.swift; path = DatabaseManager.swift; sourceTree = "<group>"; };
		CECDC38E2B4843E900ABD1A6 /* MyChatRoom-SwiftUI.app */ = {isa = PBXFileReference; explicitFileType = wrapper.application; includeInIndex = 0; path = "MyChatRoom-SwiftUI.app"; sourceTree = BUILT_PRODUCTS_DIR; };
		CECDC3912B4843E900ABD1A6 /* MyChatRoom_SwiftUIApp.swift */ = {isa = PBXFileReference; lastKnownFileType = sourcecode.swift; path = MyChatRoom_SwiftUIApp.swift; sourceTree = "<group>"; };
		CECDC3932B4843E900ABD1A6 /* ContentView.swift */ = {isa = PBXFileReference; lastKnownFileType = sourcecode.swift; path = ContentView.swift; sourceTree = "<group>"; };
		CECDC3952B4843EC00ABD1A6 /* Assets.xcassets */ = {isa = PBXFileReference; lastKnownFileType = folder.assetcatalog; path = Assets.xcassets; sourceTree = "<group>"; };
		CECDC3982B4843EC00ABD1A6 /* Preview Assets.xcassets */ = {isa = PBXFileReference; lastKnownFileType = folder.assetcatalog; path = "Preview Assets.xcassets"; sourceTree = "<group>"; };
		CECDC39F2B48453D00ABD1A6 /* Message.swift */ = {isa = PBXFileReference; lastKnownFileType = sourcecode.swift; path = Message.swift; sourceTree = "<group>"; };
		CECDC3A12B48493300ABD1A6 /* MessageView.swift */ = {isa = PBXFileReference; lastKnownFileType = sourcecode.swift; path = MessageView.swift; sourceTree = "<group>"; };
/* End PBXFileReference section */

/* Begin PBXFrameworksBuildPhase section */
		CECDC38B2B4843E900ABD1A6 /* Frameworks */ = {
			isa = PBXFrameworksBuildPhase;
			buildActionMask = 2147483647;
			files = (
				CE8F5BCF2B49200A00987162 /* FirebaseFirestoreCombine-Community in Frameworks */,
				CE8F5BD72B49200A00987162 /* FirebaseInAppMessaging-Beta in Frameworks */,
				CE8F5B912B491E9000987162 /* FirebaseDatabase in Frameworks */,
				CE8F5B9F2B491E9000987162 /* FirebaseInAppMessagingSwift-Beta in Frameworks */,
				CE8F5B992B491E9000987162 /* FirebaseFunctions in Frameworks */,
				CE8F5BBF2B49200A00987162 /* FirebaseAppDistribution-Beta in Frameworks */,
				CE8F5BA12B491E9000987162 /* FirebaseInstallations in Frameworks */,
				CE8F5BC72B49200A00987162 /* FirebaseDatabase in Frameworks */,
				CE8F5BB92B49200A00987162 /* FirebaseAnalyticsSwift in Frameworks */,
				CE8F5BDD2B49200A00987162 /* FirebaseMLModelDownloader in Frameworks */,
				CE8F5BB72B49200A00987162 /* FirebaseAnalyticsOnDeviceConversion in Frameworks */,
				CE8F5BB52B49200A00987162 /* FirebaseAnalytics in Frameworks */,
				CE8F5B832B491E9000987162 /* FirebaseAnalyticsSwift in Frameworks */,
				CE8F5BAD2B491E9000987162 /* FirebaseStorage in Frameworks */,
				CE8F5BBB2B49200A00987162 /* FirebaseAnalyticsWithoutAdIdSupport in Frameworks */,
				CE8F5BC92B49200A00987162 /* FirebaseDatabaseSwift in Frameworks */,
				CE8F5B7F2B491E9000987162 /* FirebaseAnalytics in Frameworks */,
				CE8F5BD12B49200A00987162 /* FirebaseFirestoreSwift in Frameworks */,
				CE8F5B812B491E9000987162 /* FirebaseAnalyticsOnDeviceConversion in Frameworks */,
				CE8F5BC52B49200A00987162 /* FirebaseCrashlytics in Frameworks */,
				CE8F5B872B491E9000987162 /* FirebaseAppCheck in Frameworks */,
				CE8F5B852B491E9000987162 /* FirebaseAnalyticsWithoutAdIdSupport in Frameworks */,
				CE8F5B8B2B491E9000987162 /* FirebaseAuth in Frameworks */,
				CE8F5BD92B49200A00987162 /* FirebaseInAppMessagingSwift-Beta in Frameworks */,
				CE8F5B9B2B491E9000987162 /* FirebaseFunctionsCombine-Community in Frameworks */,
				CE8F5BA92B491E9000987162 /* FirebaseRemoteConfig in Frameworks */,
				CE8F5B972B491E9000987162 /* FirebaseFirestoreSwift in Frameworks */,
				CE8F5BA52B491E9000987162 /* FirebaseMessaging in Frameworks */,
				CE8F5BCD2B49200A00987162 /* FirebaseFirestore in Frameworks */,
				CE8F5BA32B491E9000987162 /* FirebaseMLModelDownloader in Frameworks */,
				CE8F5BA72B491E9000987162 /* FirebasePerformance in Frameworks */,
				CE8F5B8F2B491E9000987162 /* FirebaseCrashlytics in Frameworks */,
				CE8F5B9D2B491E9000987162 /* FirebaseInAppMessaging-Beta in Frameworks */,
				CE8F5BAB2B491E9000987162 /* FirebaseRemoteConfigSwift in Frameworks */,
				CE8F5B932B491E9000987162 /* FirebaseDatabaseSwift in Frameworks */,
				CE8F5BCB2B49200A00987162 /* FirebaseDynamicLinks in Frameworks */,
				CE8F5B952B491E9000987162 /* FirebaseFirestoreCombine-Community in Frameworks */,
				CE8F5BAF2B491E9000987162 /* FirebaseStorageCombine-Community in Frameworks */,
				CE8F5BD52B49200A00987162 /* FirebaseFunctionsCombine-Community in Frameworks */,
				CE8F5BC32B49200A00987162 /* FirebaseAuthCombine-Community in Frameworks */,
				CE8F5BDB2B49200A00987162 /* FirebaseInstallations in Frameworks */,
				CE8F5B892B491E9000987162 /* FirebaseAppDistribution-Beta in Frameworks */,
				CE8F5BD32B49200A00987162 /* FirebaseFunctions in Frameworks */,
				CE8F5BBD2B49200A00987162 /* FirebaseAppCheck in Frameworks */,
				CE8F5B8D2B491E9000987162 /* FirebaseAuthCombine-Community in Frameworks */,
				CE8F5BC12B49200A00987162 /* FirebaseAuth in Frameworks */,
			);
			runOnlyForDeploymentPostprocessing = 0;
		};
/* End PBXFrameworksBuildPhase section */

/* Begin PBXGroup section */
		CECDC3852B4843E900ABD1A6 = {
			isa = PBXGroup;
			children = (
				CECDC3902B4843E900ABD1A6 /* MyChatRoom-SwiftUI */,
				CECDC38F2B4843E900ABD1A6 /* Products */,
			);
			sourceTree = "<group>";
		};
		CECDC38F2B4843E900ABD1A6 /* Products */ = {
			isa = PBXGroup;
			children = (
				CECDC38E2B4843E900ABD1A6 /* MyChatRoom-SwiftUI.app */,
			);
			name = Products;
			sourceTree = "<group>";
		};
		CECDC3902B4843E900ABD1A6 /* MyChatRoom-SwiftUI */ = {
			isa = PBXGroup;
			children = (
				CE8F5BE32B4920B200987162 /* Info.plist */,
				CECDC3912B4843E900ABD1A6 /* MyChatRoom_SwiftUIApp.swift */,
				CECDC3932B4843E900ABD1A6 /* ContentView.swift */,
				CE8F5B7B2B491B0F00987162 /* SignInView.swift */,
				CECDC3A12B48493300ABD1A6 /* MessageView.swift */,
				CE8F5BEE2B4966E300987162 /* DatabaseManager.swift */,
				CE8F5BEA2B49269E00987162 /* RegisterView.swift */,
				CE8F5BEC2B49272F00987162 /* LoginView.swift */,
				CE8F5B772B4902B100987162 /* ChatView.swift */,
				CE8F5B792B4902CD00987162 /* ChatViewModel.swift */,
				CECDC39F2B48453D00ABD1A6 /* Message.swift */,
				CE8F5BE82B49257A00987162 /* GoogleService-Info.plist */,
				CECDC3952B4843EC00ABD1A6 /* Assets.xcassets */,
				CECDC3972B4843EC00ABD1A6 /* Preview Content */,
			);
			path = "MyChatRoom-SwiftUI";
			sourceTree = "<group>";
		};
		CECDC3972B4843EC00ABD1A6 /* Preview Content */ = {
			isa = PBXGroup;
			children = (
				CECDC3982B4843EC00ABD1A6 /* Preview Assets.xcassets */,
			);
			path = "Preview Content";
			sourceTree = "<group>";
		};
/* End PBXGroup section */

/* Begin PBXNativeTarget section */
		CECDC38D2B4843E900ABD1A6 /* MyChatRoom-SwiftUI */ = {
			isa = PBXNativeTarget;
			buildConfigurationList = CECDC39C2B4843EC00ABD1A6 /* Build configuration list for PBXNativeTarget "MyChatRoom-SwiftUI" */;
			buildPhases = (
				CECDC38A2B4843E900ABD1A6 /* Sources */,
				CECDC38B2B4843E900ABD1A6 /* Frameworks */,
				CECDC38C2B4843E900ABD1A6 /* Resources */,
			);
			buildRules = (
			);
			dependencies = (
			);
			name = "MyChatRoom-SwiftUI";
			packageProductDependencies = (
				CE8F5B7E2B491E9000987162 /* FirebaseAnalytics */,
				CE8F5B802B491E9000987162 /* FirebaseAnalyticsOnDeviceConversion */,
				CE8F5B822B491E9000987162 /* FirebaseAnalyticsSwift */,
				CE8F5B842B491E9000987162 /* FirebaseAnalyticsWithoutAdIdSupport */,
				CE8F5B862B491E9000987162 /* FirebaseAppCheck */,
				CE8F5B882B491E9000987162 /* FirebaseAppDistribution-Beta */,
				CE8F5B8A2B491E9000987162 /* FirebaseAuth */,
				CE8F5B8C2B491E9000987162 /* FirebaseAuthCombine-Community */,
				CE8F5B8E2B491E9000987162 /* FirebaseCrashlytics */,
				CE8F5B902B491E9000987162 /* FirebaseDatabase */,
				CE8F5B922B491E9000987162 /* FirebaseDatabaseSwift */,
				CE8F5B942B491E9000987162 /* FirebaseFirestoreCombine-Community */,
				CE8F5B962B491E9000987162 /* FirebaseFirestoreSwift */,
				CE8F5B982B491E9000987162 /* FirebaseFunctions */,
				CE8F5B9A2B491E9000987162 /* FirebaseFunctionsCombine-Community */,
				CE8F5B9C2B491E9000987162 /* FirebaseInAppMessaging-Beta */,
				CE8F5B9E2B491E9000987162 /* FirebaseInAppMessagingSwift-Beta */,
				CE8F5BA02B491E9000987162 /* FirebaseInstallations */,
				CE8F5BA22B491E9000987162 /* FirebaseMLModelDownloader */,
				CE8F5BA42B491E9000987162 /* FirebaseMessaging */,
				CE8F5BA62B491E9000987162 /* FirebasePerformance */,
				CE8F5BA82B491E9000987162 /* FirebaseRemoteConfig */,
				CE8F5BAA2B491E9000987162 /* FirebaseRemoteConfigSwift */,
				CE8F5BAC2B491E9000987162 /* FirebaseStorage */,
				CE8F5BAE2B491E9000987162 /* FirebaseStorageCombine-Community */,
				CE8F5BB42B49200A00987162 /* FirebaseAnalytics */,
				CE8F5BB62B49200A00987162 /* FirebaseAnalyticsOnDeviceConversion */,
				CE8F5BB82B49200A00987162 /* FirebaseAnalyticsSwift */,
				CE8F5BBA2B49200A00987162 /* FirebaseAnalyticsWithoutAdIdSupport */,
				CE8F5BBC2B49200A00987162 /* FirebaseAppCheck */,
				CE8F5BBE2B49200A00987162 /* FirebaseAppDistribution-Beta */,
				CE8F5BC02B49200A00987162 /* FirebaseAuth */,
				CE8F5BC22B49200A00987162 /* FirebaseAuthCombine-Community */,
				CE8F5BC42B49200A00987162 /* FirebaseCrashlytics */,
				CE8F5BC62B49200A00987162 /* FirebaseDatabase */,
				CE8F5BC82B49200A00987162 /* FirebaseDatabaseSwift */,
				CE8F5BCA2B49200A00987162 /* FirebaseDynamicLinks */,
				CE8F5BCC2B49200A00987162 /* FirebaseFirestore */,
				CE8F5BCE2B49200A00987162 /* FirebaseFirestoreCombine-Community */,
				CE8F5BD02B49200A00987162 /* FirebaseFirestoreSwift */,
				CE8F5BD22B49200A00987162 /* FirebaseFunctions */,
				CE8F5BD42B49200A00987162 /* FirebaseFunctionsCombine-Community */,
				CE8F5BD62B49200A00987162 /* FirebaseInAppMessaging-Beta */,
				CE8F5BD82B49200A00987162 /* FirebaseInAppMessagingSwift-Beta */,
				CE8F5BDA2B49200A00987162 /* FirebaseInstallations */,
				CE8F5BDC2B49200A00987162 /* FirebaseMLModelDownloader */,
			);
			productName = "MyChatRoom-SwiftUI";
			productReference = CECDC38E2B4843E900ABD1A6 /* MyChatRoom-SwiftUI.app */;
			productType = "com.apple.product-type.application";
		};
/* End PBXNativeTarget section */

/* Begin PBXProject section */
		CECDC3862B4843E900ABD1A6 /* Project object */ = {
			isa = PBXProject;
			attributes = {
				BuildIndependentTargetsInParallel = 1;
				LastSwiftUpdateCheck = 1510;
				LastUpgradeCheck = 1510;
				TargetAttributes = {
					CECDC38D2B4843E900ABD1A6 = {
						CreatedOnToolsVersion = 15.1;
					};
				};
			};
			buildConfigurationList = CECDC3892B4843E900ABD1A6 /* Build configuration list for PBXProject "MyChatRoom-SwiftUI" */;
			compatibilityVersion = "Xcode 14.0";
			developmentRegion = en;
			hasScannedForEncodings = 0;
			knownRegions = (
				en,
				Base,
			);
			mainGroup = CECDC3852B4843E900ABD1A6;
			packageReferences = (
				CE8F5B7D2B491E9000987162 /* XCRemoteSwiftPackageReference "firebase-ios-sdk" */,
				CE8F5BDE2B49205E00987162 /* XCRemoteSwiftPackageReference "GoogleSignIn-iOS" */,
			);
			productRefGroup = CECDC38F2B4843E900ABD1A6 /* Products */;
			projectDirPath = "";
			projectRoot = "";
			targets = (
				CECDC38D2B4843E900ABD1A6 /* MyChatRoom-SwiftUI */,
			);
		};
/* End PBXProject section */

/* Begin PBXResourcesBuildPhase section */
		CECDC38C2B4843E900ABD1A6 /* Resources */ = {
			isa = PBXResourcesBuildPhase;
			buildActionMask = 2147483647;
			files = (
				CECDC3992B4843EC00ABD1A6 /* Preview Assets.xcassets in Resources */,
				CECDC3962B4843EC00ABD1A6 /* Assets.xcassets in Resources */,
				CE8F5BE92B49257A00987162 /* GoogleService-Info.plist in Resources */,
			);
			runOnlyForDeploymentPostprocessing = 0;
		};
/* End PBXResourcesBuildPhase section */

/* Begin PBXSourcesBuildPhase section */
		CECDC38A2B4843E900ABD1A6 /* Sources */ = {
			isa = PBXSourcesBuildPhase;
			buildActionMask = 2147483647;
			files = (
				CECDC3A22B48493300ABD1A6 /* MessageView.swift in Sources */,
				CE8F5B7C2B491B0F00987162 /* SignInView.swift in Sources */,
				CE8F5BEF2B4966E300987162 /* DatabaseManager.swift in Sources */,
				CECDC3A02B48453D00ABD1A6 /* Message.swift in Sources */,
				CE8F5BED2B49272F00987162 /* LoginView.swift in Sources */,
				CE8F5B782B4902B100987162 /* ChatView.swift in Sources */,
				CECDC3942B4843E900ABD1A6 /* ContentView.swift in Sources */,
				CE8F5BEB2B49269E00987162 /* RegisterView.swift in Sources */,
				CE8F5B7A2B4902CD00987162 /* ChatViewModel.swift in Sources */,
				CECDC3922B4843E900ABD1A6 /* MyChatRoom_SwiftUIApp.swift in Sources */,
			);
			runOnlyForDeploymentPostprocessing = 0;
		};
/* End PBXSourcesBuildPhase section */

/* Begin XCBuildConfiguration section */
		CECDC39A2B4843EC00ABD1A6 /* Debug */ = {
			isa = XCBuildConfiguration;
			buildSettings = {
				ALWAYS_SEARCH_USER_PATHS = NO;
				ASSETCATALOG_COMPILER_GENERATE_SWIFT_ASSET_SYMBOL_EXTENSIONS = YES;
				CLANG_ANALYZER_NONNULL = YES;
				CLANG_ANALYZER_NUMBER_OBJECT_CONVERSION = YES_AGGRESSIVE;
				CLANG_CXX_LANGUAGE_STANDARD = "gnu++20";
				CLANG_ENABLE_MODULES = YES;
				CLANG_ENABLE_OBJC_ARC = YES;
				CLANG_ENABLE_OBJC_WEAK = YES;
				CLANG_WARN_BLOCK_CAPTURE_AUTORELEASING = YES;
				CLANG_WARN_BOOL_CONVERSION = YES;
				CLANG_WARN_COMMA = YES;
				CLANG_WARN_CONSTANT_CONVERSION = YES;
				CLANG_WARN_DEPRECATED_OBJC_IMPLEMENTATIONS = YES;
				CLANG_WARN_DIRECT_OBJC_ISA_USAGE = YES_ERROR;
				CLANG_WARN_DOCUMENTATION_COMMENTS = YES;
				CLANG_WARN_EMPTY_BODY = YES;
				CLANG_WARN_ENUM_CONVERSION = YES;
				CLANG_WARN_INFINITE_RECURSION = YES;
				CLANG_WARN_INT_CONVERSION = YES;
				CLANG_WARN_NON_LITERAL_NULL_CONVERSION = YES;
				CLANG_WARN_OBJC_IMPLICIT_RETAIN_SELF = YES;
				CLANG_WARN_OBJC_LITERAL_CONVERSION = YES;
				CLANG_WARN_OBJC_ROOT_CLASS = YES_ERROR;
				CLANG_WARN_QUOTED_INCLUDE_IN_FRAMEWORK_HEADER = YES;
				CLANG_WARN_RANGE_LOOP_ANALYSIS = YES;
				CLANG_WARN_STRICT_PROTOTYPES = YES;
				CLANG_WARN_SUSPICIOUS_MOVE = YES;
				CLANG_WARN_UNGUARDED_AVAILABILITY = YES_AGGRESSIVE;
				CLANG_WARN_UNREACHABLE_CODE = YES;
				CLANG_WARN__DUPLICATE_METHOD_MATCH = YES;
				COPY_PHASE_STRIP = NO;
				DEBUG_INFORMATION_FORMAT = dwarf;
				ENABLE_STRICT_OBJC_MSGSEND = YES;
				ENABLE_TESTABILITY = YES;
				ENABLE_USER_SCRIPT_SANDBOXING = YES;
				GCC_C_LANGUAGE_STANDARD = gnu17;
				GCC_DYNAMIC_NO_PIC = NO;
				GCC_NO_COMMON_BLOCKS = YES;
				GCC_OPTIMIZATION_LEVEL = 0;
				GCC_PREPROCESSOR_DEFINITIONS = (
					"DEBUG=1",
					"$(inherited)",
				);
				GCC_WARN_64_TO_32_BIT_CONVERSION = YES;
				GCC_WARN_ABOUT_RETURN_TYPE = YES_ERROR;
				GCC_WARN_UNDECLARED_SELECTOR = YES;
				GCC_WARN_UNINITIALIZED_AUTOS = YES_AGGRESSIVE;
				GCC_WARN_UNUSED_FUNCTION = YES;
				GCC_WARN_UNUSED_VARIABLE = YES;
				IPHONEOS_DEPLOYMENT_TARGET = 17.2;
				LOCALIZATION_PREFERS_STRING_CATALOGS = YES;
				MTL_ENABLE_DEBUG_INFO = INCLUDE_SOURCE;
				MTL_FAST_MATH = YES;
				ONLY_ACTIVE_ARCH = YES;
				SDKROOT = iphoneos;
				SWIFT_ACTIVE_COMPILATION_CONDITIONS = "DEBUG $(inherited)";
				SWIFT_OPTIMIZATION_LEVEL = "-Onone";
			};
			name = Debug;
		};
		CECDC39B2B4843EC00ABD1A6 /* Release */ = {
			isa = XCBuildConfiguration;
			buildSettings = {
				ALWAYS_SEARCH_USER_PATHS = NO;
				ASSETCATALOG_COMPILER_GENERATE_SWIFT_ASSET_SYMBOL_EXTENSIONS = YES;
				CLANG_ANALYZER_NONNULL = YES;
				CLANG_ANALYZER_NUMBER_OBJECT_CONVERSION = YES_AGGRESSIVE;
				CLANG_CXX_LANGUAGE_STANDARD = "gnu++20";
				CLANG_ENABLE_MODULES = YES;
				CLANG_ENABLE_OBJC_ARC = YES;
				CLANG_ENABLE_OBJC_WEAK = YES;
				CLANG_WARN_BLOCK_CAPTURE_AUTORELEASING = YES;
				CLANG_WARN_BOOL_CONVERSION = YES;
				CLANG_WARN_COMMA = YES;
				CLANG_WARN_CONSTANT_CONVERSION = YES;
				CLANG_WARN_DEPRECATED_OBJC_IMPLEMENTATIONS = YES;
				CLANG_WARN_DIRECT_OBJC_ISA_USAGE = YES_ERROR;
				CLANG_WARN_DOCUMENTATION_COMMENTS = YES;
				CLANG_WARN_EMPTY_BODY = YES;
				CLANG_WARN_ENUM_CONVERSION = YES;
				CLANG_WARN_INFINITE_RECURSION = YES;
				CLANG_WARN_INT_CONVERSION = YES;
				CLANG_WARN_NON_LITERAL_NULL_CONVERSION = YES;
				CLANG_WARN_OBJC_IMPLICIT_RETAIN_SELF = YES;
				CLANG_WARN_OBJC_LITERAL_CONVERSION = YES;
				CLANG_WARN_OBJC_ROOT_CLASS = YES_ERROR;
				CLANG_WARN_QUOTED_INCLUDE_IN_FRAMEWORK_HEADER = YES;
				CLANG_WARN_RANGE_LOOP_ANALYSIS = YES;
				CLANG_WARN_STRICT_PROTOTYPES = YES;
				CLANG_WARN_SUSPICIOUS_MOVE = YES;
				CLANG_WARN_UNGUARDED_AVAILABILITY = YES_AGGRESSIVE;
				CLANG_WARN_UNREACHABLE_CODE = YES;
				CLANG_WARN__DUPLICATE_METHOD_MATCH = YES;
				COPY_PHASE_STRIP = NO;
				DEBUG_INFORMATION_FORMAT = "dwarf-with-dsym";
				ENABLE_NS_ASSERTIONS = NO;
				ENABLE_STRICT_OBJC_MSGSEND = YES;
				ENABLE_USER_SCRIPT_SANDBOXING = YES;
				GCC_C_LANGUAGE_STANDARD = gnu17;
				GCC_NO_COMMON_BLOCKS = YES;
				GCC_WARN_64_TO_32_BIT_CONVERSION = YES;
				GCC_WARN_ABOUT_RETURN_TYPE = YES_ERROR;
				GCC_WARN_UNDECLARED_SELECTOR = YES;
				GCC_WARN_UNINITIALIZED_AUTOS = YES_AGGRESSIVE;
				GCC_WARN_UNUSED_FUNCTION = YES;
				GCC_WARN_UNUSED_VARIABLE = YES;
				IPHONEOS_DEPLOYMENT_TARGET = 17.2;
				LOCALIZATION_PREFERS_STRING_CATALOGS = YES;
				MTL_ENABLE_DEBUG_INFO = NO;
				MTL_FAST_MATH = YES;
				SDKROOT = iphoneos;
				SWIFT_COMPILATION_MODE = wholemodule;
				VALIDATE_PRODUCT = YES;
			};
			name = Release;
		};
		CECDC39D2B4843EC00ABD1A6 /* Debug */ = {
			isa = XCBuildConfiguration;
			buildSettings = {
				ASSETCATALOG_COMPILER_APPICON_NAME = AppIcon;
				ASSETCATALOG_COMPILER_GLOBAL_ACCENT_COLOR_NAME = AccentColor;
				CODE_SIGN_STYLE = Automatic;
				CURRENT_PROJECT_VERSION = 1;
				DEVELOPMENT_ASSET_PATHS = "\"MyChatRoom-SwiftUI/Preview Content\"";
				DEVELOPMENT_TEAM = 56A7RU2L35;
				ENABLE_PREVIEWS = YES;
				GENERATE_INFOPLIST_FILE = YES;
				INFOPLIST_FILE = "MyChatRoom-SwiftUI/Info.plist";
				INFOPLIST_KEY_UIApplicationSceneManifest_Generation = YES;
				INFOPLIST_KEY_UIApplicationSupportsIndirectInputEvents = YES;
				INFOPLIST_KEY_UILaunchScreen_Generation = YES;
				INFOPLIST_KEY_UISupportedInterfaceOrientations_iPad = "UIInterfaceOrientationPortrait UIInterfaceOrientationPortraitUpsideDown UIInterfaceOrientationLandscapeLeft UIInterfaceOrientationLandscapeRight";
				INFOPLIST_KEY_UISupportedInterfaceOrientations_iPhone = "UIInterfaceOrientationPortrait UIInterfaceOrientationLandscapeLeft UIInterfaceOrientationLandscapeRight";
				LD_RUNPATH_SEARCH_PATHS = (
					"$(inherited)",
					"@executable_path/Frameworks",
				);
				MARKETING_VERSION = 1.0;
				PRODUCT_BUNDLE_IDENTIFIER = "com.hmoo.MyChatRoom-SwiftUI";
				PRODUCT_NAME = "$(TARGET_NAME)";
				SWIFT_EMIT_LOC_STRINGS = YES;
				SWIFT_VERSION = 5.0;
				TARGETED_DEVICE_FAMILY = "1,2";
			};
			name = Debug;
		};
		CECDC39E2B4843EC00ABD1A6 /* Release */ = {
			isa = XCBuildConfiguration;
			buildSettings = {
				ASSETCATALOG_COMPILER_APPICON_NAME = AppIcon;
				ASSETCATALOG_COMPILER_GLOBAL_ACCENT_COLOR_NAME = AccentColor;
				CODE_SIGN_STYLE = Automatic;
				CURRENT_PROJECT_VERSION = 1;
				DEVELOPMENT_ASSET_PATHS = "\"MyChatRoom-SwiftUI/Preview Content\"";
				DEVELOPMENT_TEAM = 56A7RU2L35;
				ENABLE_PREVIEWS = YES;
				GENERATE_INFOPLIST_FILE = YES;
				INFOPLIST_FILE = "MyChatRoom-SwiftUI/Info.plist";
				INFOPLIST_KEY_UIApplicationSceneManifest_Generation = YES;
				INFOPLIST_KEY_UIApplicationSupportsIndirectInputEvents = YES;
				INFOPLIST_KEY_UILaunchScreen_Generation = YES;
				INFOPLIST_KEY_UISupportedInterfaceOrientations_iPad = "UIInterfaceOrientationPortrait UIInterfaceOrientationPortraitUpsideDown UIInterfaceOrientationLandscapeLeft UIInterfaceOrientationLandscapeRight";
				INFOPLIST_KEY_UISupportedInterfaceOrientations_iPhone = "UIInterfaceOrientationPortrait UIInterfaceOrientationLandscapeLeft UIInterfaceOrientationLandscapeRight";
				LD_RUNPATH_SEARCH_PATHS = (
					"$(inherited)",
					"@executable_path/Frameworks",
				);
				MARKETING_VERSION = 1.0;
				PRODUCT_BUNDLE_IDENTIFIER = "com.hmoo.MyChatRoom-SwiftUI";
				PRODUCT_NAME = "$(TARGET_NAME)";
				SWIFT_EMIT_LOC_STRINGS = YES;
				SWIFT_VERSION = 5.0;
				TARGETED_DEVICE_FAMILY = "1,2";
			};
			name = Release;
		};
/* End XCBuildConfiguration section */

/* Begin XCConfigurationList section */
		CECDC3892B4843E900ABD1A6 /* Build configuration list for PBXProject "MyChatRoom-SwiftUI" */ = {
			isa = XCConfigurationList;
			buildConfigurations = (
				CECDC39A2B4843EC00ABD1A6 /* Debug */,
				CECDC39B2B4843EC00ABD1A6 /* Release */,
			);
			defaultConfigurationIsVisible = 0;
			defaultConfigurationName = Release;
		};
		CECDC39C2B4843EC00ABD1A6 /* Build configuration list for PBXNativeTarget "MyChatRoom-SwiftUI" */ = {
			isa = XCConfigurationList;
			buildConfigurations = (
				CECDC39D2B4843EC00ABD1A6 /* Debug */,
				CECDC39E2B4843EC00ABD1A6 /* Release */,
			);
			defaultConfigurationIsVisible = 0;
			defaultConfigurationName = Release;
		};
/* End XCConfigurationList section */

/* Begin XCRemoteSwiftPackageReference section */
		CE8F5B7D2B491E9000987162 /* XCRemoteSwiftPackageReference "firebase-ios-sdk" */ = {
			isa = XCRemoteSwiftPackageReference;
			repositoryURL = "https://github.com/firebase/firebase-ios-sdk.git";
			requirement = {
				kind = upToNextMajorVersion;
				minimumVersion = 10.19.1;
			};
		};
		CE8F5BDE2B49205E00987162 /* XCRemoteSwiftPackageReference "GoogleSignIn-iOS" */ = {
			isa = XCRemoteSwiftPackageReference;
			repositoryURL = "https://github.com/google/GoogleSignIn-iOS";
			requirement = {
				kind = upToNextMajorVersion;
				minimumVersion = 7.0.0;
			};
		};
/* End XCRemoteSwiftPackageReference section */

/* Begin XCSwiftPackageProductDependency section */
		CE8F5B7E2B491E9000987162 /* FirebaseAnalytics */ = {
			isa = XCSwiftPackageProductDependency;
			package = CE8F5B7D2B491E9000987162 /* XCRemoteSwiftPackageReference "firebase-ios-sdk" */;
			productName = FirebaseAnalytics;
		};
		CE8F5B802B491E9000987162 /* FirebaseAnalyticsOnDeviceConversion */ = {
			isa = XCSwiftPackageProductDependency;
			package = CE8F5B7D2B491E9000987162 /* XCRemoteSwiftPackageReference "firebase-ios-sdk" */;
			productName = FirebaseAnalyticsOnDeviceConversion;
		};
		CE8F5B822B491E9000987162 /* FirebaseAnalyticsSwift */ = {
			isa = XCSwiftPackageProductDependency;
			package = CE8F5B7D2B491E9000987162 /* XCRemoteSwiftPackageReference "firebase-ios-sdk" */;
			productName = FirebaseAnalyticsSwift;
		};
		CE8F5B842B491E9000987162 /* FirebaseAnalyticsWithoutAdIdSupport */ = {
			isa = XCSwiftPackageProductDependency;
			package = CE8F5B7D2B491E9000987162 /* XCRemoteSwiftPackageReference "firebase-ios-sdk" */;
			productName = FirebaseAnalyticsWithoutAdIdSupport;
		};
		CE8F5B862B491E9000987162 /* FirebaseAppCheck */ = {
			isa = XCSwiftPackageProductDependency;
			package = CE8F5B7D2B491E9000987162 /* XCRemoteSwiftPackageReference "firebase-ios-sdk" */;
			productName = FirebaseAppCheck;
		};
		CE8F5B882B491E9000987162 /* FirebaseAppDistribution-Beta */ = {
			isa = XCSwiftPackageProductDependency;
			package = CE8F5B7D2B491E9000987162 /* XCRemoteSwiftPackageReference "firebase-ios-sdk" */;
			productName = "FirebaseAppDistribution-Beta";
		};
		CE8F5B8A2B491E9000987162 /* FirebaseAuth */ = {
			isa = XCSwiftPackageProductDependency;
			package = CE8F5B7D2B491E9000987162 /* XCRemoteSwiftPackageReference "firebase-ios-sdk" */;
			productName = FirebaseAuth;
		};
		CE8F5B8C2B491E9000987162 /* FirebaseAuthCombine-Community */ = {
			isa = XCSwiftPackageProductDependency;
			package = CE8F5B7D2B491E9000987162 /* XCRemoteSwiftPackageReference "firebase-ios-sdk" */;
			productName = "FirebaseAuthCombine-Community";
		};
		CE8F5B8E2B491E9000987162 /* FirebaseCrashlytics */ = {
			isa = XCSwiftPackageProductDependency;
			package = CE8F5B7D2B491E9000987162 /* XCRemoteSwiftPackageReference "firebase-ios-sdk" */;
			productName = FirebaseCrashlytics;
		};
		CE8F5B902B491E9000987162 /* FirebaseDatabase */ = {
			isa = XCSwiftPackageProductDependency;
			package = CE8F5B7D2B491E9000987162 /* XCRemoteSwiftPackageReference "firebase-ios-sdk" */;
			productName = FirebaseDatabase;
		};
		CE8F5B922B491E9000987162 /* FirebaseDatabaseSwift */ = {
			isa = XCSwiftPackageProductDependency;
			package = CE8F5B7D2B491E9000987162 /* XCRemoteSwiftPackageReference "firebase-ios-sdk" */;
			productName = FirebaseDatabaseSwift;
		};
		CE8F5B942B491E9000987162 /* FirebaseFirestoreCombine-Community */ = {
			isa = XCSwiftPackageProductDependency;
			package = CE8F5B7D2B491E9000987162 /* XCRemoteSwiftPackageReference "firebase-ios-sdk" */;
			productName = "FirebaseFirestoreCombine-Community";
		};
		CE8F5B962B491E9000987162 /* FirebaseFirestoreSwift */ = {
			isa = XCSwiftPackageProductDependency;
			package = CE8F5B7D2B491E9000987162 /* XCRemoteSwiftPackageReference "firebase-ios-sdk" */;
			productName = FirebaseFirestoreSwift;
		};
		CE8F5B982B491E9000987162 /* FirebaseFunctions */ = {
			isa = XCSwiftPackageProductDependency;
			package = CE8F5B7D2B491E9000987162 /* XCRemoteSwiftPackageReference "firebase-ios-sdk" */;
			productName = FirebaseFunctions;
		};
		CE8F5B9A2B491E9000987162 /* FirebaseFunctionsCombine-Community */ = {
			isa = XCSwiftPackageProductDependency;
			package = CE8F5B7D2B491E9000987162 /* XCRemoteSwiftPackageReference "firebase-ios-sdk" */;
			productName = "FirebaseFunctionsCombine-Community";
		};
		CE8F5B9C2B491E9000987162 /* FirebaseInAppMessaging-Beta */ = {
			isa = XCSwiftPackageProductDependency;
			package = CE8F5B7D2B491E9000987162 /* XCRemoteSwiftPackageReference "firebase-ios-sdk" */;
			productName = "FirebaseInAppMessaging-Beta";
		};
		CE8F5B9E2B491E9000987162 /* FirebaseInAppMessagingSwift-Beta */ = {
			isa = XCSwiftPackageProductDependency;
			package = CE8F5B7D2B491E9000987162 /* XCRemoteSwiftPackageReference "firebase-ios-sdk" */;
			productName = "FirebaseInAppMessagingSwift-Beta";
		};
		CE8F5BA02B491E9000987162 /* FirebaseInstallations */ = {
			isa = XCSwiftPackageProductDependency;
			package = CE8F5B7D2B491E9000987162 /* XCRemoteSwiftPackageReference "firebase-ios-sdk" */;
			productName = FirebaseInstallations;
		};
		CE8F5BA22B491E9000987162 /* FirebaseMLModelDownloader */ = {
			isa = XCSwiftPackageProductDependency;
			package = CE8F5B7D2B491E9000987162 /* XCRemoteSwiftPackageReference "firebase-ios-sdk" */;
			productName = FirebaseMLModelDownloader;
		};
		CE8F5BA42B491E9000987162 /* FirebaseMessaging */ = {
			isa = XCSwiftPackageProductDependency;
			package = CE8F5B7D2B491E9000987162 /* XCRemoteSwiftPackageReference "firebase-ios-sdk" */;
			productName = FirebaseMessaging;
		};
		CE8F5BA62B491E9000987162 /* FirebasePerformance */ = {
			isa = XCSwiftPackageProductDependency;
			package = CE8F5B7D2B491E9000987162 /* XCRemoteSwiftPackageReference "firebase-ios-sdk" */;
			productName = FirebasePerformance;
		};
		CE8F5BA82B491E9000987162 /* FirebaseRemoteConfig */ = {
			isa = XCSwiftPackageProductDependency;
			package = CE8F5B7D2B491E9000987162 /* XCRemoteSwiftPackageReference "firebase-ios-sdk" */;
			productName = FirebaseRemoteConfig;
		};
		CE8F5BAA2B491E9000987162 /* FirebaseRemoteConfigSwift */ = {
			isa = XCSwiftPackageProductDependency;
			package = CE8F5B7D2B491E9000987162 /* XCRemoteSwiftPackageReference "firebase-ios-sdk" */;
			productName = FirebaseRemoteConfigSwift;
		};
		CE8F5BAC2B491E9000987162 /* FirebaseStorage */ = {
			isa = XCSwiftPackageProductDependency;
			package = CE8F5B7D2B491E9000987162 /* XCRemoteSwiftPackageReference "firebase-ios-sdk" */;
			productName = FirebaseStorage;
		};
		CE8F5BAE2B491E9000987162 /* FirebaseStorageCombine-Community */ = {
			isa = XCSwiftPackageProductDependency;
			package = CE8F5B7D2B491E9000987162 /* XCRemoteSwiftPackageReference "firebase-ios-sdk" */;
			productName = "FirebaseStorageCombine-Community";
		};
		CE8F5BB42B49200A00987162 /* FirebaseAnalytics */ = {
			isa = XCSwiftPackageProductDependency;
			package = CE8F5B7D2B491E9000987162 /* XCRemoteSwiftPackageReference "firebase-ios-sdk" */;
			productName = FirebaseAnalytics;
		};
		CE8F5BB62B49200A00987162 /* FirebaseAnalyticsOnDeviceConversion */ = {
			isa = XCSwiftPackageProductDependency;
			package = CE8F5B7D2B491E9000987162 /* XCRemoteSwiftPackageReference "firebase-ios-sdk" */;
			productName = FirebaseAnalyticsOnDeviceConversion;
		};
		CE8F5BB82B49200A00987162 /* FirebaseAnalyticsSwift */ = {
			isa = XCSwiftPackageProductDependency;
			package = CE8F5B7D2B491E9000987162 /* XCRemoteSwiftPackageReference "firebase-ios-sdk" */;
			productName = FirebaseAnalyticsSwift;
		};
		CE8F5BBA2B49200A00987162 /* FirebaseAnalyticsWithoutAdIdSupport */ = {
			isa = XCSwiftPackageProductDependency;
			package = CE8F5B7D2B491E9000987162 /* XCRemoteSwiftPackageReference "firebase-ios-sdk" */;
			productName = FirebaseAnalyticsWithoutAdIdSupport;
		};
		CE8F5BBC2B49200A00987162 /* FirebaseAppCheck */ = {
			isa = XCSwiftPackageProductDependency;
			package = CE8F5B7D2B491E9000987162 /* XCRemoteSwiftPackageReference "firebase-ios-sdk" */;
			productName = FirebaseAppCheck;
		};
		CE8F5BBE2B49200A00987162 /* FirebaseAppDistribution-Beta */ = {
			isa = XCSwiftPackageProductDependency;
			package = CE8F5B7D2B491E9000987162 /* XCRemoteSwiftPackageReference "firebase-ios-sdk" */;
			productName = "FirebaseAppDistribution-Beta";
		};
		CE8F5BC02B49200A00987162 /* FirebaseAuth */ = {
			isa = XCSwiftPackageProductDependency;
			package = CE8F5B7D2B491E9000987162 /* XCRemoteSwiftPackageReference "firebase-ios-sdk" */;
			productName = FirebaseAuth;
		};
		CE8F5BC22B49200A00987162 /* FirebaseAuthCombine-Community */ = {
			isa = XCSwiftPackageProductDependency;
			package = CE8F5B7D2B491E9000987162 /* XCRemoteSwiftPackageReference "firebase-ios-sdk" */;
			productName = "FirebaseAuthCombine-Community";
		};
		CE8F5BC42B49200A00987162 /* FirebaseCrashlytics */ = {
			isa = XCSwiftPackageProductDependency;
			package = CE8F5B7D2B491E9000987162 /* XCRemoteSwiftPackageReference "firebase-ios-sdk" */;
			productName = FirebaseCrashlytics;
		};
		CE8F5BC62B49200A00987162 /* FirebaseDatabase */ = {
			isa = XCSwiftPackageProductDependency;
			package = CE8F5B7D2B491E9000987162 /* XCRemoteSwiftPackageReference "firebase-ios-sdk" */;
			productName = FirebaseDatabase;
		};
		CE8F5BC82B49200A00987162 /* FirebaseDatabaseSwift */ = {
			isa = XCSwiftPackageProductDependency;
			package = CE8F5B7D2B491E9000987162 /* XCRemoteSwiftPackageReference "firebase-ios-sdk" */;
			productName = FirebaseDatabaseSwift;
		};
		CE8F5BCA2B49200A00987162 /* FirebaseDynamicLinks */ = {
			isa = XCSwiftPackageProductDependency;
			package = CE8F5B7D2B491E9000987162 /* XCRemoteSwiftPackageReference "firebase-ios-sdk" */;
			productName = FirebaseDynamicLinks;
		};
		CE8F5BCC2B49200A00987162 /* FirebaseFirestore */ = {
			isa = XCSwiftPackageProductDependency;
			package = CE8F5B7D2B491E9000987162 /* XCRemoteSwiftPackageReference "firebase-ios-sdk" */;
			productName = FirebaseFirestore;
		};
		CE8F5BCE2B49200A00987162 /* FirebaseFirestoreCombine-Community */ = {
			isa = XCSwiftPackageProductDependency;
			package = CE8F5B7D2B491E9000987162 /* XCRemoteSwiftPackageReference "firebase-ios-sdk" */;
			productName = "FirebaseFirestoreCombine-Community";
		};
		CE8F5BD02B49200A00987162 /* FirebaseFirestoreSwift */ = {
			isa = XCSwiftPackageProductDependency;
			package = CE8F5B7D2B491E9000987162 /* XCRemoteSwiftPackageReference "firebase-ios-sdk" */;
			productName = FirebaseFirestoreSwift;
		};
		CE8F5BD22B49200A00987162 /* FirebaseFunctions */ = {
			isa = XCSwiftPackageProductDependency;
			package = CE8F5B7D2B491E9000987162 /* XCRemoteSwiftPackageReference "firebase-ios-sdk" */;
			productName = FirebaseFunctions;
		};
		CE8F5BD42B49200A00987162 /* FirebaseFunctionsCombine-Community */ = {
			isa = XCSwiftPackageProductDependency;
			package = CE8F5B7D2B491E9000987162 /* XCRemoteSwiftPackageReference "firebase-ios-sdk" */;
			productName = "FirebaseFunctionsCombine-Community";
		};
		CE8F5BD62B49200A00987162 /* FirebaseInAppMessaging-Beta */ = {
			isa = XCSwiftPackageProductDependency;
			package = CE8F5B7D2B491E9000987162 /* XCRemoteSwiftPackageReference "firebase-ios-sdk" */;
			productName = "FirebaseInAppMessaging-Beta";
		};
		CE8F5BD82B49200A00987162 /* FirebaseInAppMessagingSwift-Beta */ = {
			isa = XCSwiftPackageProductDependency;
			package = CE8F5B7D2B491E9000987162 /* XCRemoteSwiftPackageReference "firebase-ios-sdk" */;
			productName = "FirebaseInAppMessagingSwift-Beta";
		};
		CE8F5BDA2B49200A00987162 /* FirebaseInstallations */ = {
			isa = XCSwiftPackageProductDependency;
			package = CE8F5B7D2B491E9000987162 /* XCRemoteSwiftPackageReference "firebase-ios-sdk" */;
			productName = FirebaseInstallations;
		};
		CE8F5BDC2B49200A00987162 /* FirebaseMLModelDownloader */ = {
			isa = XCSwiftPackageProductDependency;
			package = CE8F5B7D2B491E9000987162 /* XCRemoteSwiftPackageReference "firebase-ios-sdk" */;
			productName = FirebaseMLModelDownloader;
		};
/* End XCSwiftPackageProductDependency section */
	};
	rootObject = CECDC3862B4843E900ABD1A6 /* Project object */;
}
